dependencies:
- name: common
  repository: https://charts.bitnami.com/bitnami
  version: 1.9.0
- name: postgresql
  repository: https://charts.bitnami.com/bitnami
  version: 10.9.5
- name: minio
  repository: https://charts.bitnami.com/bitnami
  version: 7.3.2
digest: sha256:15f182850becceaede5c55c5e2e242f88dfb636eace9841b34e80c48940ca0b1
generated: "2021-09-15T11:36:52.992066+10:00"
