dependencies:
- name: common
  repository: https://charts.bitnami.com/bitnami
  version: 1.9.0
- name: postgresql
  repository: https://charts.bitnami.com/bitnami
  version: 10.10.1
- name: minio
  repository: https://charts.bitnami.com/bitnami
  version: 7.3.2
digest: sha256:ca8c02446ac88f550626225e583e23d7dc41be7060307a306886a451d35d95b7
generated: "2021-09-19T15:57:43.594502+10:00"
